
Microsoft Visual Studio Solution File, Format Version 12.00
# Visual Studio Version 16
VisualStudioVersion = 16.0.30907.101
MinimumVisualStudioVersion = 10.0.40219.1
Project("{9092AA53-FB77-4645-B42D-1CCCA6BD08BD}") = "SendMailFromAPI", "SendMailFromAPI.njsproj", "{D0CBECE0-FD62-4939-88FD-EB048B27DE56}"
EndProject
Global
	GlobalSection(SolutionConfigurationPlatforms) = preSolution
		Debug|Any CPU = Debug|Any CPU
		Release|Any CPU = Release|Any CPU
	EndGlobalSection
	GlobalSection(ProjectConfigurationPlatforms) = postSolution
		{D0CBECE0-FD62-4939-88FD-EB048B27DE56}.Debug|Any CPU.ActiveCfg = Debug|Any CPU
		{D0CBECE0-FD62-4939-88FD-EB048B27DE56}.Debug|Any CPU.Build.0 = Debug|Any CPU
		{D0CBECE0-FD62-4939-88FD-EB048B27DE56}.Release|Any CPU.ActiveCfg = Release|Any CPU
		{D0CBECE0-FD62-4939-88FD-EB048B27DE56}.Release|Any CPU.Build.0 = Release|Any CPU
	EndGlobalSection
	GlobalSection(SolutionProperties) = preSolution
		HideSolutionNode = FALSE
	EndGlobalSection
	GlobalSection(ExtensibilityGlobals) = postSolution
		SolutionGuid = {7FE3C436-8F5F-413D-8877-45B872DD1533}
	EndGlobalSection
EndGlobal
